
Microsoft Visual Studio Solution File, Format Version 12.00
# Visual Studio Version 17
VisualStudioVersion = 17.8.34511.84
MinimumVisualStudioVersion = 10.0.40219.1
Project("{2150E333-8FDC-42A3-9474-1A3956D46DE8}") = "Microservices", "Microservices", "{A93E90C5-5C00-4050-A295-B4630FEC7B8B}"
EndProject
Project("{2150E333-8FDC-42A3-9474-1A3956D46DE8}") = "Domain", "Domain", "{1C3E178D-4555-402D-A9F4-826B81BD28CE}"
EndProject
Project("{2150E333-8FDC-42A3-9474-1A3956D46DE8}") = "Infra.Bus", "Infra.Bus", "{C0FAACE1-D7B9-4D22-AC31-28981E1D8602}"
EndProject
Project("{2150E333-8FDC-42A3-9474-1A3956D46DE8}") = "Infra.IoC", "Infra.IoC", "{B8D2FC82-89AE-4493-A0BE-889AC224D9EA}"
EndProject
Project("{2150E333-8FDC-42A3-9474-1A3956D46DE8}") = "Presentation", "Presentation", "{8E06F860-7711-4669-B2FA-FFB929C8EDF8}"
EndProject
Project("{9A19103F-16F7-4668-BE54-9A1E7A4F7556}") = "MicroRabbit.Domain.Core", "MicroRabbit.Domain.Core\MicroRabbit.Domain.Core.csproj", "{987AAF96-D0F3-4E6A-B2F6-8744C01A3F39}"
EndProject
Project("{9A19103F-16F7-4668-BE54-9A1E7A4F7556}") = "MicroRabbit.Infra.Bus", "MicroRabbit.Infra.Bus\MicroRabbit.Infra.Bus.csproj", "{7F5E46AC-1030-4462-85B9-745A4100EC5E}"
EndProject
Project("{9A19103F-16F7-4668-BE54-9A1E7A4F7556}") = "MicroRabbit.Infra.IoC", "MicroRabbit.Infra.IoC\MicroRabbit.Infra.IoC.csproj", "{68F7BB37-F60B-4CF8-A7A3-CFA0A3BE6E0F}"
EndProject
Project("{2150E333-8FDC-42A3-9474-1A3956D46DE8}") = "Banking", "Banking", "{CB612DEB-8A5F-4D6B-B9A4-9A1CCADB8C59}"
EndProject
Project("{2150E333-8FDC-42A3-9474-1A3956D46DE8}") = "Api", "Api", "{6EBC7D94-8568-4051-BAA5-743D9C11CAAF}"
EndProject
Project("{2150E333-8FDC-42A3-9474-1A3956D46DE8}") = "Domain", "Domain", "{821CBBB1-DC3F-440B-9F2C-F5CCE01367DD}"
EndProject
Project("{2150E333-8FDC-42A3-9474-1A3956D46DE8}") = "Application", "Application", "{16694D7D-7E03-4F7D-A9DF-2D4960DDA186}"
EndProject
Project("{2150E333-8FDC-42A3-9474-1A3956D46DE8}") = "Data", "Data", "{3AE86122-170C-4FC8-A6CB-CB700585D146}"
EndProject
Project("{FAE04EC0-301F-11D3-BF4B-00C04F79EFBC}") = "MicroRabbit.Banking.Api", "MicroRabbit.Banking.Api\MicroRabbit.Banking.Api.csproj", "{57D7CE41-C04D-4372-9FC8-D4B255EB0C8F}"
EndProject
Project("{FAE04EC0-301F-11D3-BF4B-00C04F79EFBC}") = "MicroRabbit.Banking.Application", "MicroRabbit.Banking.Application\MicroRabbit.Banking.Application.csproj", "{97F5F30F-DDE4-4184-AD89-8621BC7FDE0F}"
EndProject
Project("{FAE04EC0-301F-11D3-BF4B-00C04F79EFBC}") = "MicroRabbit.Banking.Data", "MicroRabbit.Banking.Data\MicroRabbit.Banking.Data.csproj", "{633A66C7-C724-49E0-90D2-E4E771D7BD76}"
EndProject
Project("{FAE04EC0-301F-11D3-BF4B-00C04F79EFBC}") = "MicroRabbit.Banking.Domain", "MicroRabbit.Banking.Domain\MicroRabbit.Banking.Domain.csproj", "{5718AE8A-5831-42F4-84F5-C738B8A3AAFD}"
EndProject
Global
	GlobalSection(SolutionConfigurationPlatforms) = preSolution
		Debug|Any CPU = Debug|Any CPU
		Release|Any CPU = Release|Any CPU
	EndGlobalSection
	GlobalSection(ProjectConfigurationPlatforms) = postSolution
		{987AAF96-D0F3-4E6A-B2F6-8744C01A3F39}.Debug|Any CPU.ActiveCfg = Debug|Any CPU
		{987AAF96-D0F3-4E6A-B2F6-8744C01A3F39}.Debug|Any CPU.Build.0 = Debug|Any CPU
		{987AAF96-D0F3-4E6A-B2F6-8744C01A3F39}.Release|Any CPU.ActiveCfg = Release|Any CPU
		{987AAF96-D0F3-4E6A-B2F6-8744C01A3F39}.Release|Any CPU.Build.0 = Release|Any CPU
		{7F5E46AC-1030-4462-85B9-745A4100EC5E}.Debug|Any CPU.ActiveCfg = Debug|Any CPU
		{7F5E46AC-1030-4462-85B9-745A4100EC5E}.Debug|Any CPU.Build.0 = Debug|Any CPU
		{7F5E46AC-1030-4462-85B9-745A4100EC5E}.Release|Any CPU.ActiveCfg = Release|Any CPU
		{7F5E46AC-1030-4462-85B9-745A4100EC5E}.Release|Any CPU.Build.0 = Release|Any CPU
		{68F7BB37-F60B-4CF8-A7A3-CFA0A3BE6E0F}.Debug|Any CPU.ActiveCfg = Debug|Any CPU
		{68F7BB37-F60B-4CF8-A7A3-CFA0A3BE6E0F}.Debug|Any CPU.Build.0 = Debug|Any CPU
		{68F7BB37-F60B-4CF8-A7A3-CFA0A3BE6E0F}.Release|Any CPU.ActiveCfg = Release|Any CPU
		{68F7BB37-F60B-4CF8-A7A3-CFA0A3BE6E0F}.Release|Any CPU.Build.0 = Release|Any CPU
		{57D7CE41-C04D-4372-9FC8-D4B255EB0C8F}.Debug|Any CPU.ActiveCfg = Debug|Any CPU
		{57D7CE41-C04D-4372-9FC8-D4B255EB0C8F}.Debug|Any CPU.Build.0 = Debug|Any CPU
		{57D7CE41-C04D-4372-9FC8-D4B255EB0C8F}.Release|Any CPU.ActiveCfg = Release|Any CPU
		{57D7CE41-C04D-4372-9FC8-D4B255EB0C8F}.Release|Any CPU.Build.0 = Release|Any CPU
		{97F5F30F-DDE4-4184-AD89-8621BC7FDE0F}.Debug|Any CPU.ActiveCfg = Debug|Any CPU
		{97F5F30F-DDE4-4184-AD89-8621BC7FDE0F}.Debug|Any CPU.Build.0 = Debug|Any CPU
		{97F5F30F-DDE4-4184-AD89-8621BC7FDE0F}.Release|Any CPU.ActiveCfg = Release|Any CPU
		{97F5F30F-DDE4-4184-AD89-8621BC7FDE0F}.Release|Any CPU.Build.0 = Release|Any CPU
		{633A66C7-C724-49E0-90D2-E4E771D7BD76}.Debug|Any CPU.ActiveCfg = Debug|Any CPU
		{633A66C7-C724-49E0-90D2-E4E771D7BD76}.Debug|Any CPU.Build.0 = Debug|Any CPU
		{633A66C7-C724-49E0-90D2-E4E771D7BD76}.Release|Any CPU.ActiveCfg = Release|Any CPU
		{633A66C7-C724-49E0-90D2-E4E771D7BD76}.Release|Any CPU.Build.0 = Release|Any CPU
		{5718AE8A-5831-42F4-84F5-C738B8A3AAFD}.Debug|Any CPU.ActiveCfg = Debug|Any CPU
		{5718AE8A-5831-42F4-84F5-C738B8A3AAFD}.Debug|Any CPU.Build.0 = Debug|Any CPU
		{5718AE8A-5831-42F4-84F5-C738B8A3AAFD}.Release|Any CPU.ActiveCfg = Release|Any CPU
		{5718AE8A-5831-42F4-84F5-C738B8A3AAFD}.Release|Any CPU.Build.0 = Release|Any CPU
	EndGlobalSection
	GlobalSection(SolutionProperties) = preSolution
		HideSolutionNode = FALSE
	EndGlobalSection
	GlobalSection(NestedProjects) = preSolution
		{987AAF96-D0F3-4E6A-B2F6-8744C01A3F39} = {1C3E178D-4555-402D-A9F4-826B81BD28CE}
		{7F5E46AC-1030-4462-85B9-745A4100EC5E} = {C0FAACE1-D7B9-4D22-AC31-28981E1D8602}
		{68F7BB37-F60B-4CF8-A7A3-CFA0A3BE6E0F} = {B8D2FC82-89AE-4493-A0BE-889AC224D9EA}
		{CB612DEB-8A5F-4D6B-B9A4-9A1CCADB8C59} = {A93E90C5-5C00-4050-A295-B4630FEC7B8B}
		{6EBC7D94-8568-4051-BAA5-743D9C11CAAF} = {CB612DEB-8A5F-4D6B-B9A4-9A1CCADB8C59}
		{821CBBB1-DC3F-440B-9F2C-F5CCE01367DD} = {CB612DEB-8A5F-4D6B-B9A4-9A1CCADB8C59}
		{16694D7D-7E03-4F7D-A9DF-2D4960DDA186} = {CB612DEB-8A5F-4D6B-B9A4-9A1CCADB8C59}
		{3AE86122-170C-4FC8-A6CB-CB700585D146} = {CB612DEB-8A5F-4D6B-B9A4-9A1CCADB8C59}
		{57D7CE41-C04D-4372-9FC8-D4B255EB0C8F} = {6EBC7D94-8568-4051-BAA5-743D9C11CAAF}
		{97F5F30F-DDE4-4184-AD89-8621BC7FDE0F} = {16694D7D-7E03-4F7D-A9DF-2D4960DDA186}
		{633A66C7-C724-49E0-90D2-E4E771D7BD76} = {3AE86122-170C-4FC8-A6CB-CB700585D146}
		{5718AE8A-5831-42F4-84F5-C738B8A3AAFD} = {821CBBB1-DC3F-440B-9F2C-F5CCE01367DD}
	EndGlobalSection
	GlobalSection(ExtensibilityGlobals) = postSolution
		SolutionGuid = {856BEB20-B898-4C4B-B294-948DDBF611EC}
	EndGlobalSection
EndGlobal
